
Microsoft Visual Studio Solution File, Format Version 12.00
# Visual Studio Version 17
VisualStudioVersion = 17.5.33414.496
MinimumVisualStudioVersion = 10.0.40219.1
Project("{FAE04EC0-301F-11D3-BF4B-00C04F79EFBC}") = "CompositeDesignPattern", "CompositeDesignPattern\CompositeDesignPattern.csproj", "{F45C8E23-4D13-4FCC-BF72-42B77925E229}"
EndProject
Project("{FAE04EC0-301F-11D3-BF4B-00C04F79EFBC}") = "Client", "Client\Client.csproj", "{73A5E6A4-8C3A-4FF9-A72A-79A5D85BB042}"
EndProject
Global
	GlobalSection(SolutionConfigurationPlatforms) = preSolution
		Debug|Any CPU = Debug|Any CPU
		Release|Any CPU = Release|Any CPU
	EndGlobalSection
	GlobalSection(ProjectConfigurationPlatforms) = postSolution
		{F45C8E23-4D13-4FCC-BF72-42B77925E229}.Debug|Any CPU.ActiveCfg = Debug|Any CPU
		{F45C8E23-4D13-4FCC-BF72-42B77925E229}.Debug|Any CPU.Build.0 = Debug|Any CPU
		{F45C8E23-4D13-4FCC-BF72-42B77925E229}.Release|Any CPU.ActiveCfg = Release|Any CPU
		{F45C8E23-4D13-4FCC-BF72-42B77925E229}.Release|Any CPU.Build.0 = Release|Any CPU
		{73A5E6A4-8C3A-4FF9-A72A-79A5D85BB042}.Debug|Any CPU.ActiveCfg = Debug|Any CPU
		{73A5E6A4-8C3A-4FF9-A72A-79A5D85BB042}.Debug|Any CPU.Build.0 = Debug|Any CPU
		{73A5E6A4-8C3A-4FF9-A72A-79A5D85BB042}.Release|Any CPU.ActiveCfg = Release|Any CPU
		{73A5E6A4-8C3A-4FF9-A72A-79A5D85BB042}.Release|Any CPU.Build.0 = Release|Any CPU
	EndGlobalSection
	GlobalSection(SolutionProperties) = preSolution
		HideSolutionNode = FALSE
	EndGlobalSection
	GlobalSection(ExtensibilityGlobals) = postSolution
		SolutionGuid = {DEF8D1FC-CD01-4EAB-9C32-BE594FC19248}
	EndGlobalSection
EndGlobal
